<?xml version="1.0" encoding="utf-8"?>
<Project ToolsVersion="4.0" xmlns="http://schemas.microsoft.com/developer/msbuild/2003">
  <ItemGroup>
    <Filter Include="來源檔案">
      <UniqueIdentifier>{4FC737F1-C7A5-4376-A066-2A32D752A2FF}</UniqueIdentifier>
      <Extensions>cpp;c;cc;cxx;c++;cppm;ixx;def;odl;idl;hpj;bat;asm;asmx</Extensions>
    </Filter>
    <Filter Include="來源檔案\標頭檔">
      <UniqueIdentifier>{93995380-89BD-4b04-88EB-625FBE52EBFB}</UniqueIdentifier>
      <Extensions>h;hh;hpp;hxx;h++;hm;inl;inc;ipp;xsd</Extensions>
    </Filter>
    <Filter Include="來源檔案\資源檔">
      <UniqueIdentifier>{ec95dbc3-44b2-4756-aec8-dd1bc10360c6}</UniqueIdentifier>
    </Filter>
  </ItemGroup>
  <ItemGroup>
    <ClInclude Include="TowerDefense\WinScene.hpp">
      <Filter>來源檔案\標頭檔</Filter>
    </ClInclude>
    <ClInclude Include="TowerDefense\Turret.hpp">
      <Filter>來源檔案\標頭檔</Filter>
    </ClInclude>
    <ClInclude Include="TowerDefense\TurretButton.hpp">
      <Filter>來源檔案\標頭檔</Filter>
    </ClInclude>
    <ClInclude Include="TowerDefense\Slider.hpp">
      <Filter>來源檔案\標頭檔</Filter>
    </ClInclude>
    <ClInclude Include="TowerDefense\StageSelectScene.hpp">
      <Filter>來源檔案\標頭檔</Filter>
    </ClInclude>
    <ClInclude Include="TowerDefense\StartScene.hpp">
      <Filter>來源檔案\標頭檔</Filter>
    </ClInclude>
    <ClInclude Include="TowerDefense\Sprite.hpp">
      <Filter>來源檔案\標頭檔</Filter>
    </ClInclude>
    <ClInclude Include="TowerDefense\Resources.hpp">
      <Filter>來源檔案\標頭檔</Filter>
    </ClInclude>
    <ClInclude Include="TowerDefense\Point.hpp">
      <Filter>來源檔案\標頭檔</Filter>
    </ClInclude>
    <ClInclude Include="TowerDefense\PlayScene.hpp">
      <Filter>來源檔案\標頭檔</Filter>
    </ClInclude>
    <ClInclude Include="TowerDefense\Plane.hpp">
      <Filter>來源檔案\標頭檔</Filter>
    </ClInclude>
    <ClInclude Include="TowerDefense\LoseScene.hpp">
      <Filter>來源檔案\標頭檔</Filter>
    </ClInclude>
    <ClInclude Include="TowerDefense\LOG.hpp">
      <Filter>來源檔案\標頭檔</Filter>
    </ClInclude>
    <ClInclude Include="TowerDefense\Label.hpp">
      <Filter>來源檔案\標頭檔</Filter>
    </ClInclude>
    <ClInclude Include="TowerDefense\IScene.hpp">
      <Filter>來源檔案\標頭檔</Filter>
    </ClInclude>
    <ClInclude Include="TowerDefense\IObject.hpp">
      <Filter>來源檔案\標頭檔</Filter>
    </ClInclude>
    <ClInclude Include="TowerDefense\ImageButton.hpp">
      <Filter>來源檔案\標頭檔</Filter>
    </ClInclude>
    <ClInclude Include="TowerDefense\Image.hpp">
      <Filter>來源檔案\標頭檔</Filter>
    </ClInclude>
    <ClInclude Include="TowerDefense\IControl.hpp">
      <Filter>來源檔案\標頭檔</Filter>
    </ClInclude>
    <ClInclude Include="TowerDefense\Group.hpp">
      <Filter>來源檔案\標頭檔</Filter>
    </ClInclude>
    <ClInclude Include="TowerDefense\GameEngine.hpp">
      <Filter>來源檔案\標頭檔</Filter>
    </ClInclude>
    <ClInclude Include="TowerDefense\ExplosionEffect.hpp">
      <Filter>來源檔案\標頭檔</Filter>
    </ClInclude>
    <ClInclude Include="TowerDefense\Enemy.hpp">
      <Filter>來源檔案\標頭檔</Filter>
    </ClInclude>
    <ClInclude Include="TowerDefense\DirtyEffect.hpp">
      <Filter>來源檔案\標頭檔</Filter>
    </ClInclude>
    <ClInclude Include="TowerDefense\Collider.hpp">
      <Filter>來源檔案\標頭檔</Filter>
    </ClInclude>
    <ClInclude Include="TowerDefense\Bullet.hpp">
      <Filter>來源檔案\標頭檔</Filter>
    </ClInclude>
    <ClInclude Include="TowerDefense\AudioHelper.hpp">
      <Filter>來源檔案\標頭檔</Filter>
    </ClInclude>
    <ClInclude Include="TowerDefense\Allegro5Exception.hpp">
      <Filter>來源檔案\標頭檔</Filter>
    </ClInclude>
    <ClInclude Include="TowerDefense\SettingsScene.hpp">
      <Filter>來源檔案\標頭檔</Filter>
    </ClInclude>
    <ClInclude Include="TowerDefense\TurretSelect.hpp">
      <Filter>來源檔案\標頭檔</Filter>
    </ClInclude>
    <ClInclude Include="TowerDefense\BulletSelect.hpp">
      <Filter>來源檔案\標頭檔</Filter>
    </ClInclude>
    <ClInclude Include="TowerDefense\ShootEffect.hpp">
      <Filter>來源檔案\標頭檔</Filter>
    </ClInclude>
    <ClInclude Include="TowerDefense\EnemySelect.hpp">
      <Filter>來源檔案\標頭檔</Filter>
    </ClInclude>
    <ClInclude Include="TowerDefense\Bomb.hpp">
      <Filter>來源檔案\標頭檔</Filter>
    </ClInclude>
  </ItemGroup>
  <ItemGroup>
    <None Include="packages.config" />
  </ItemGroup>
  <ItemGroup>
    <ClCompile Include="TowerDefense\Allegro5Exception.cpp">
      <Filter>來源檔案\資源檔</Filter>
    </ClCompile>
    <ClCompile Include="TowerDefense\AudioHelper.cpp">
      <Filter>來源檔案\資源檔</Filter>
    </ClCompile>
    <ClCompile Include="TowerDefense\Bullet.cpp">
      <Filter>來源檔案\資源檔</Filter>
    </ClCompile>
    <ClCompile Include="TowerDefense\Collider.cpp">
      <Filter>來源檔案\資源檔</Filter>
    </ClCompile>
    <ClCompile Include="TowerDefense\DirtyEffect.cpp">
      <Filter>來源檔案\資源檔</Filter>
    </ClCompile>
    <ClCompile Include="TowerDefense\Enemy.cpp">
      <Filter>來源檔案\資源檔</Filter>
    </ClCompile>
    <ClCompile Include="TowerDefense\ExplosionEffect.cpp">
      <Filter>來源檔案\資源檔</Filter>
    </ClCompile>
    <ClCompile Include="TowerDefense\GameEngine.cpp">
      <Filter>來源檔案\資源檔</Filter>
    </ClCompile>
    <ClCompile Include="TowerDefense\Group.cpp">
      <Filter>來源檔案\資源檔</Filter>
    </ClCompile>
    <ClCompile Include="TowerDefense\IControl.cpp">
      <Filter>來源檔案\資源檔</Filter>
    </ClCompile>
    <ClCompile Include="TowerDefense\Image.cpp">
      <Filter>來源檔案\資源檔</Filter>
    </ClCompile>
    <ClCompile Include="TowerDefense\ImageButton.cpp">
      <Filter>來源檔案\資源檔</Filter>
    </ClCompile>
    <ClCompile Include="TowerDefense\IObject.cpp">
      <Filter>來源檔案\資源檔</Filter>
    </ClCompile>
    <ClCompile Include="TowerDefense\IScene.cpp">
      <Filter>來源檔案\資源檔</Filter>
    </ClCompile>
    <ClCompile Include="TowerDefense\Label.cpp">
      <Filter>來源檔案\資源檔</Filter>
    </ClCompile>
    <ClCompile Include="TowerDefense\LOG.cpp">
      <Filter>來源檔案\資源檔</Filter>
    </ClCompile>
    <ClCompile Include="TowerDefense\LoseScene.cpp">
      <Filter>來源檔案\資源檔</Filter>
    </ClCompile>
    <ClCompile Include="TowerDefense\main.cpp">
      <Filter>來源檔案\資源檔</Filter>
    </ClCompile>
    <ClCompile Include="TowerDefense\Plane.cpp">
      <Filter>來源檔案\資源檔</Filter>
    </ClCompile>
    <ClCompile Include="TowerDefense\PlayScene.cpp">
      <Filter>來源檔案\資源檔</Filter>
    </ClCompile>
    <ClCompile Include="TowerDefense\Point.cpp">
      <Filter>來源檔案\資源檔</Filter>
    </ClCompile>
    <ClCompile Include="TowerDefense\Resources.cpp">
      <Filter>來源檔案\資源檔</Filter>
    </ClCompile>
    <ClCompile Include="TowerDefense\SettingsScene.cpp">
      <Filter>來源檔案\資源檔</Filter>
    </ClCompile>
    <ClCompile Include="TowerDefense\Slider.cpp">
      <Filter>來源檔案\資源檔</Filter>
    </ClCompile>
    <ClCompile Include="TowerDefense\Sprite.cpp">
      <Filter>來源檔案\資源檔</Filter>
    </ClCompile>
    <ClCompile Include="TowerDefense\StageSelectScene.cpp">
      <Filter>來源檔案\資源檔</Filter>
    </ClCompile>
    <ClCompile Include="TowerDefense\StartScene.cpp">
      <Filter>來源檔案\資源檔</Filter>
    </ClCompile>
    <ClCompile Include="TowerDefense\Turret.cpp">
      <Filter>來源檔案\資源檔</Filter>
    </ClCompile>
    <ClCompile Include="TowerDefense\TurretButton.cpp">
      <Filter>來源檔案\資源檔</Filter>
    </ClCompile>
    <ClCompile Include="TowerDefense\WinScene.cpp">
      <Filter>來源檔案\資源檔</Filter>
    </ClCompile>
    <ClCompile Include="TowerDefense\TurretSelect.cpp">
      <Filter>來源檔案\資源檔</Filter>
    </ClCompile>
    <ClCompile Include="TowerDefense\BulletSelect.cpp">
      <Filter>來源檔案\資源檔</Filter>
    </ClCompile>
    <ClCompile Include="TowerDefense\ShootEffect.cpp">
      <Filter>來源檔案\資源檔</Filter>
    </ClCompile>
    <ClCompile Include="TowerDefense\EnemySelect.cpp">
      <Filter>來源檔案\資源檔</Filter>
    </ClCompile>
    <ClCompile Include="TowerDefense\Bomb.cpp">
      <Filter>來源檔案\資源檔</Filter>
    </ClCompile>
  </ItemGroup>
</Project>